{
  "object": {
    "pins": [
      {
        "package": "Alamofire",
        "repositoryURL": "https://github.com/Alamofire/Alamofire.git",
        "state": {
          "branch": null,
          "revision": "d120af1e8638c7da36c8481fd61a66c0c08dc4fc",
          "version": "5.4.4"
        }
      },
      {
        "package": "TutuDesignKit",
        "repositoryURL": "https://github.com/tutu-ru-mobile/ios-designkit",
        "state": {
          "branch": null,
          "revision": "58563d022b6f17fe26c4b1bf6b09dc29d487b710",
          "version": "0.2.11"
        }
      },
      {
        "package": "TutuFoundation",
        "repositoryURL": "https://github.com/tutu-ru-mobile/ios-foundation",
        "state": {
          "branch": null,
          "revision": "b68ba37b7e6f05fe26907fa34c9df9d2ac4aea42",
          "version": "0.1.99"
        }
      },
      {
        "package": "KeychainSwift",
        "repositoryURL": "https://github.com/evgenyneu/keychain-swift.git",
        "state": {
          "branch": null,
          "revision": "96fb84f45a96630e7583903bd7e08cf095c7a7ef",
          "version": "19.0.0"
        }
      },
      {
        "package": "Moya",
        "repositoryURL": "https://github.com/Moya/Moya.git",
        "state": {
          "branch": null,
          "revision": "9b906860e3c3c09032879465c471e6375829593f",
          "version": "15.0.0"
        }
      },
      {
        "package": "ReactiveSwift",
        "repositoryURL": "https://github.com/ReactiveCocoa/ReactiveSwift.git",
        "state": {
          "branch": null,
          "revision": "c43bae3dac73fdd3cb906bd5a1914686ca71ed3c",
          "version": "6.7.0"
        }
      },
      {
        "package": "RxFeedback",
        "repositoryURL": "https://github.com/NoTests/RxFeedback.git",
        "state": {
          "branch": null,
          "revision": "aa8384081a14af8fb389245fce2eba5776a96d0b",
          "version": "4.0.0"
        }
      },
      {
        "package": "RxFlow",
        "repositoryURL": "https://github.com/RxSwiftCommunity/RxFlow.git",
        "state": {
          "branch": null,
          "revision": "8114d4781b9c5de693ed225cfb28ca3b695b023a",
          "version": "2.12.4"
        }
      },
      {
        "package": "RxSwift",
        "repositoryURL": "https://github.com/ReactiveX/RxSwift.git",
        "state": {
          "branch": null,
          "revision": "7c17a6ccca06b5c107cfa4284e634562ddaf5951",
          "version": "6.2.0"
        }
      },
      {
        "package": "swift-case-paths",
        "repositoryURL": "https://github.com/tutu-ru-mobile/swift-case-paths.git",
        "state": {
          "branch": null,
          "revision": "51234fb7b0d3da69581b14f577efa9e970be232b",
          "version": "0.1.3"
        }
      },
      {
        "package": "Overture",
        "repositoryURL": "https://github.com/pointfreeco/swift-overture.git",
        "state": {
          "branch": null,
          "revision": "7977acd7597f413717058acc1e080731249a1d7e",
          "version": "0.5.0"
        }
      },
      {
        "package": "swift-prelude",
        "repositoryURL": "https://github.com/tutu-ru-mobile/swift-prelude",
        "state": {
          "branch": null,
          "revision": "b71b14c300502cd7045a2e1bc1237bf0d5312048",
          "version": "0.1.6"
        }
      },
      {
        "package": "swift-tagged",
        "repositoryURL": "https://github.com/pointfreeco/swift-tagged.git",
        "state": {
          "branch": null,
          "revision": "6c36cf66f58553d0481a2628e3e27177f698a897",
          "version": "0.6.0"
        }
      }
    ]
  },
  "version": 1
}
